
Microsoft Visual Studio Solution File, Format Version 12.00
# Visual Studio Version 17
VisualStudioVersion = 17.10.35013.160
MinimumVisualStudioVersion = 10.0.40219.1
Project("{FAE04EC0-301F-11D3-BF4B-00C04F79EFBC}") = "BlazorTodoApp", "BlazorTodoApp.csproj", "{B992BBBD-976F-48AB-8749-76EAB7BA4862}"
EndProject
Global
	GlobalSection(SolutionConfigurationPlatforms) = preSolution
		Debug|Any CPU = Debug|Any CPU
		Release|Any CPU = Release|Any CPU
	EndGlobalSection
	GlobalSection(ProjectConfigurationPlatforms) = postSolution
		{B992BBBD-976F-48AB-8749-76EAB7BA4862}.Debug|Any CPU.ActiveCfg = Debug|Any CPU
		{B992BBBD-976F-48AB-8749-76EAB7BA4862}.Debug|Any CPU.Build.0 = Debug|Any CPU
		{B992BBBD-976F-48AB-8749-76EAB7BA4862}.Release|Any CPU.ActiveCfg = Release|Any CPU
		{B992BBBD-976F-48AB-8749-76EAB7BA4862}.Release|Any CPU.Build.0 = Release|Any CPU
	EndGlobalSection
	GlobalSection(SolutionProperties) = preSolution
		HideSolutionNode = FALSE
	EndGlobalSection
	GlobalSection(ExtensibilityGlobals) = postSolution
		SolutionGuid = {29A2C092-A292-434B-9DA1-9958B0B080E1}
	EndGlobalSection
EndGlobal
